
Microsoft Visual Studio Solution File, Format Version 12.00
# Visual Studio Version 17
VisualStudioVersion = 17.4.32804.182
MinimumVisualStudioVersion = 10.0.40219.1
Project("{8BC9CEB8-8B4A-11D0-8D11-00A0C91BC942}") = "server", "server.vcxproj", "{031352C2-AFBB-45AA-9518-DBC1F9EF2AF3}"
	ProjectSection(ProjectDependencies) = postProject
		{B52AACF7-16A6-4FCA-90AD-867D367BDA4F} = {B52AACF7-16A6-4FCA-90AD-867D367BDA4F}
	EndProjectSection
EndProject
Project("{8BC9CEB8-8B4A-11D0-8D11-00A0C91BC942}") = "msc-plugin", "msc-plugin.vcxproj", "{8081FDAA-4D13-4B7A-ADB2-8224AF7F1C81}"
EndProject
Project("{888888A0-9F3D-457C-B088-3A5042F75D52}") = "msvs-py", "..\msvs-py\msvs-py.pyproj", "{CCC243F5-663E-45B7-A6DE-B2468C58B3A7}"
EndProject
Project("{8BC9CEB8-8B4A-11D0-8D11-00A0C91BC942}") = "libaquery", "libaquery.vcxproj", "{B52AACF7-16A6-4FCA-90AD-867D367BDA4F}"
EndProject
Project("{8BC9CEB8-8B4A-11D0-8D11-00A0C91BC942}") = "launcher", "launcher.vcxproj", "{C8E25628-0B46-4CBE-90DF-5228F79A5A64}"
EndProject
Global
	GlobalSection(SolutionConfigurationPlatforms) = preSolution
		Debug|x64 = Debug|x64
		Debug|x86 = Debug|x86
		Release|x64 = Release|x64
		Release|x86 = Release|x86
		shared|x64 = shared|x64
		shared|x86 = shared|x86
		sharedlib|x64 = sharedlib|x64
		sharedlib|x86 = sharedlib|x86
	EndGlobalSection
	GlobalSection(ProjectConfigurationPlatforms) = postSolution
		{031352C2-AFBB-45AA-9518-DBC1F9EF2AF3}.Debug|x64.ActiveCfg = Debug|x64
		{031352C2-AFBB-45AA-9518-DBC1F9EF2AF3}.Debug|x64.Build.0 = Debug|x64
		{031352C2-AFBB-45AA-9518-DBC1F9EF2AF3}.Debug|x86.ActiveCfg = Debug|Win32
		{031352C2-AFBB-45AA-9518-DBC1F9EF2AF3}.Debug|x86.Build.0 = Debug|Win32
		{031352C2-AFBB-45AA-9518-DBC1F9EF2AF3}.Release|x64.ActiveCfg = Release|x64
		{031352C2-AFBB-45AA-9518-DBC1F9EF2AF3}.Release|x64.Build.0 = Release|x64
		{031352C2-AFBB-45AA-9518-DBC1F9EF2AF3}.Release|x86.ActiveCfg = Release|Win32
		{031352C2-AFBB-45AA-9518-DBC1F9EF2AF3}.Release|x86.Build.0 = Release|Win32
		{031352C2-AFBB-45AA-9518-DBC1F9EF2AF3}.shared|x64.ActiveCfg = sharedlib|x64
		{031352C2-AFBB-45AA-9518-DBC1F9EF2AF3}.shared|x86.ActiveCfg = sharedlib|Win32
		{031352C2-AFBB-45AA-9518-DBC1F9EF2AF3}.sharedlib|x64.ActiveCfg = sharedlib|x64
		{031352C2-AFBB-45AA-9518-DBC1F9EF2AF3}.sharedlib|x64.Build.0 = sharedlib|x64
		{031352C2-AFBB-45AA-9518-DBC1F9EF2AF3}.sharedlib|x86.ActiveCfg = sharedlib|Win32
		{031352C2-AFBB-45AA-9518-DBC1F9EF2AF3}.sharedlib|x86.Build.0 = sharedlib|Win32
		{8081FDAA-4D13-4B7A-ADB2-8224AF7F1C81}.Debug|x64.ActiveCfg = Debug|x64
		{8081FDAA-4D13-4B7A-ADB2-8224AF7F1C81}.Debug|x64.Build.0 = Debug|x64
		{8081FDAA-4D13-4B7A-ADB2-8224AF7F1C81}.Debug|x86.ActiveCfg = Debug|Win32
		{8081FDAA-4D13-4B7A-ADB2-8224AF7F1C81}.Debug|x86.Build.0 = Debug|Win32
		{8081FDAA-4D13-4B7A-ADB2-8224AF7F1C81}.Release|x64.ActiveCfg = Release|x64
		{8081FDAA-4D13-4B7A-ADB2-8224AF7F1C81}.Release|x64.Build.0 = Release|x64
		{8081FDAA-4D13-4B7A-ADB2-8224AF7F1C81}.Release|x86.ActiveCfg = Release|Win32
		{8081FDAA-4D13-4B7A-ADB2-8224AF7F1C81}.Release|x86.Build.0 = Release|Win32
		{8081FDAA-4D13-4B7A-ADB2-8224AF7F1C81}.shared|x64.ActiveCfg = Release|x64
		{8081FDAA-4D13-4B7A-ADB2-8224AF7F1C81}.shared|x64.Build.0 = Release|x64
		{8081FDAA-4D13-4B7A-ADB2-8224AF7F1C81}.shared|x86.ActiveCfg = Release|Win32
		{8081FDAA-4D13-4B7A-ADB2-8224AF7F1C81}.shared|x86.Build.0 = Release|Win32
		{8081FDAA-4D13-4B7A-ADB2-8224AF7F1C81}.sharedlib|x64.ActiveCfg = Release|x64
		{8081FDAA-4D13-4B7A-ADB2-8224AF7F1C81}.sharedlib|x64.Build.0 = Release|x64
		{8081FDAA-4D13-4B7A-ADB2-8224AF7F1C81}.sharedlib|x86.ActiveCfg = Release|Win32
		{8081FDAA-4D13-4B7A-ADB2-8224AF7F1C81}.sharedlib|x86.Build.0 = Release|Win32
		{CCC243F5-663E-45B7-A6DE-B2468C58B3A7}.Debug|x64.ActiveCfg = Debug|Any CPU
		{CCC243F5-663E-45B7-A6DE-B2468C58B3A7}.Debug|x86.ActiveCfg = Debug|Any CPU
		{CCC243F5-663E-45B7-A6DE-B2468C58B3A7}.Release|x64.ActiveCfg = Release|Any CPU
		{CCC243F5-663E-45B7-A6DE-B2468C58B3A7}.Release|x86.ActiveCfg = Release|Any CPU
		{CCC243F5-663E-45B7-A6DE-B2468C58B3A7}.shared|x64.ActiveCfg = Release|Any CPU
		{CCC243F5-663E-45B7-A6DE-B2468C58B3A7}.shared|x86.ActiveCfg = Release|Any CPU
		{CCC243F5-663E-45B7-A6DE-B2468C58B3A7}.sharedlib|x64.ActiveCfg = Release|Any CPU
		{CCC243F5-663E-45B7-A6DE-B2468C58B3A7}.sharedlib|x86.ActiveCfg = Release|Any CPU
		{B52AACF7-16A6-4FCA-90AD-867D367BDA4F}.Debug|x64.ActiveCfg = Debug|x64
		{B52AACF7-16A6-4FCA-90AD-867D367BDA4F}.Debug|x64.Build.0 = Debug|x64
		{B52AACF7-16A6-4FCA-90AD-867D367BDA4F}.Debug|x86.ActiveCfg = Debug|Win32
		{B52AACF7-16A6-4FCA-90AD-867D367BDA4F}.Debug|x86.Build.0 = Debug|Win32
		{B52AACF7-16A6-4FCA-90AD-867D367BDA4F}.Release|x64.ActiveCfg = Release|x64
		{B52AACF7-16A6-4FCA-90AD-867D367BDA4F}.Release|x64.Build.0 = Release|x64
		{B52AACF7-16A6-4FCA-90AD-867D367BDA4F}.Release|x86.ActiveCfg = Release|Win32
		{B52AACF7-16A6-4FCA-90AD-867D367BDA4F}.Release|x86.Build.0 = Release|Win32
		{B52AACF7-16A6-4FCA-90AD-867D367BDA4F}.shared|x64.ActiveCfg = Debug|x64
		{B52AACF7-16A6-4FCA-90AD-867D367BDA4F}.shared|x64.Build.0 = Debug|x64
		{B52AACF7-16A6-4FCA-90AD-867D367BDA4F}.shared|x86.ActiveCfg = Debug|Win32
		{B52AACF7-16A6-4FCA-90AD-867D367BDA4F}.shared|x86.Build.0 = Debug|Win32
		{B52AACF7-16A6-4FCA-90AD-867D367BDA4F}.sharedlib|x64.ActiveCfg = Debug|x64
		{B52AACF7-16A6-4FCA-90AD-867D367BDA4F}.sharedlib|x64.Build.0 = Debug|x64
		{B52AACF7-16A6-4FCA-90AD-867D367BDA4F}.sharedlib|x86.ActiveCfg = Debug|Win32
		{B52AACF7-16A6-4FCA-90AD-867D367BDA4F}.sharedlib|x86.Build.0 = Debug|Win32
		{C8E25628-0B46-4CBE-90DF-5228F79A5A64}.Debug|x64.ActiveCfg = Debug|x64
		{C8E25628-0B46-4CBE-90DF-5228F79A5A64}.Debug|x64.Build.0 = Debug|x64
		{C8E25628-0B46-4CBE-90DF-5228F79A5A64}.Debug|x86.ActiveCfg = Debug|Win32
		{C8E25628-0B46-4CBE-90DF-5228F79A5A64}.Debug|x86.Build.0 = Debug|Win32
		{C8E25628-0B46-4CBE-90DF-5228F79A5A64}.Release|x64.ActiveCfg = Release|x64
		{C8E25628-0B46-4CBE-90DF-5228F79A5A64}.Release|x64.Build.0 = Release|x64
		{C8E25628-0B46-4CBE-90DF-5228F79A5A64}.Release|x86.ActiveCfg = Release|Win32
		{C8E25628-0B46-4CBE-90DF-5228F79A5A64}.Release|x86.Build.0 = Release|Win32
		{C8E25628-0B46-4CBE-90DF-5228F79A5A64}.shared|x64.ActiveCfg = sharedlib|x64
		{C8E25628-0B46-4CBE-90DF-5228F79A5A64}.shared|x64.Build.0 = sharedlib|x64
		{C8E25628-0B46-4CBE-90DF-5228F79A5A64}.shared|x86.ActiveCfg = sharedlib|Win32
		{C8E25628-0B46-4CBE-90DF-5228F79A5A64}.shared|x86.Build.0 = sharedlib|Win32
		{C8E25628-0B46-4CBE-90DF-5228F79A5A64}.sharedlib|x64.ActiveCfg = sharedlib|x64
		{C8E25628-0B46-4CBE-90DF-5228F79A5A64}.sharedlib|x64.Build.0 = sharedlib|x64
		{C8E25628-0B46-4CBE-90DF-5228F79A5A64}.sharedlib|x86.ActiveCfg = sharedlib|Win32
		{C8E25628-0B46-4CBE-90DF-5228F79A5A64}.sharedlib|x86.Build.0 = sharedlib|Win32
	EndGlobalSection
	GlobalSection(SolutionProperties) = preSolution
		HideSolutionNode = FALSE
	EndGlobalSection
	GlobalSection(ExtensibilityGlobals) = postSolution
		SolutionGuid = {572EA821-8162-4161-9AC2-464C79F08B47}
	EndGlobalSection
EndGlobal
